
Microsoft Visual Studio Solution File, Format Version 12.00
# Visual Studio Version 16
VisualStudioVersion = 16.0.31729.503
MinimumVisualStudioVersion = 10.0.40219.1
Project("{FAE04EC0-301F-11D3-BF4B-00C04F79EFBC}") = "Single Inheritance", "Single Inheritance.csproj", "{6804FF58-AFE3-4A81-B179-0FE649072BB5}"
EndProject
Global
	GlobalSection(SolutionConfigurationPlatforms) = preSolution
		Debug|Any CPU = Debug|Any CPU
		Release|Any CPU = Release|Any CPU
	EndGlobalSection
	GlobalSection(ProjectConfigurationPlatforms) = postSolution
		{6804FF58-AFE3-4A81-B179-0FE649072BB5}.Debug|Any CPU.ActiveCfg = Debug|Any CPU
		{6804FF58-AFE3-4A81-B179-0FE649072BB5}.Debug|Any CPU.Build.0 = Debug|Any CPU
		{6804FF58-AFE3-4A81-B179-0FE649072BB5}.Release|Any CPU.ActiveCfg = Release|Any CPU
		{6804FF58-AFE3-4A81-B179-0FE649072BB5}.Release|Any CPU.Build.0 = Release|Any CPU
	EndGlobalSection
	GlobalSection(SolutionProperties) = preSolution
		HideSolutionNode = FALSE
	EndGlobalSection
	GlobalSection(ExtensibilityGlobals) = postSolution
		SolutionGuid = {A04FE099-5202-44C2-910A-2B8B67779A9F}
	EndGlobalSection
EndGlobal
